
Microsoft Visual Studio Solution File, Format Version 12.00
# Visual Studio Version 16
VisualStudioVersion = 16.0.30907.101
MinimumVisualStudioVersion = 10.0.40219.1
Project("{FAE04EC0-301F-11D3-BF4B-00C04F79EFBC}") = "Loops_While", "Loops_While\Loops_While.csproj", "{F0CCFAAD-9536-4228-9200-2BBB5BF7821B}"
EndProject
Global
	GlobalSection(SolutionConfigurationPlatforms) = preSolution
		Debug|Any CPU = Debug|Any CPU
		Release|Any CPU = Release|Any CPU
	EndGlobalSection
	GlobalSection(ProjectConfigurationPlatforms) = postSolution
		{F0CCFAAD-9536-4228-9200-2BBB5BF7821B}.Debug|Any CPU.ActiveCfg = Debug|Any CPU
		{F0CCFAAD-9536-4228-9200-2BBB5BF7821B}.Debug|Any CPU.Build.0 = Debug|Any CPU
		{F0CCFAAD-9536-4228-9200-2BBB5BF7821B}.Release|Any CPU.ActiveCfg = Release|Any CPU
		{F0CCFAAD-9536-4228-9200-2BBB5BF7821B}.Release|Any CPU.Build.0 = Release|Any CPU
	EndGlobalSection
	GlobalSection(SolutionProperties) = preSolution
		HideSolutionNode = FALSE
	EndGlobalSection
	GlobalSection(ExtensibilityGlobals) = postSolution
		SolutionGuid = {898A0F59-7100-40F4-95F0-5C7FE91B5DDE}
	EndGlobalSection
EndGlobal
